
Microsoft Visual Studio Solution File, Format Version 12.00
# Visual Studio Version 17
VisualStudioVersion = 17.4.33213.308
MinimumVisualStudioVersion = 10.0.40219.1
Project("{FAE04EC0-301F-11D3-BF4B-00C04F79EFBC}") = "WindowsFormsApp1", "WindowsFormsApp1\WindowsFormsApp1.csproj", "{62BF73D8-8E0D-4995-8BAC-51D7EFA6BC89}"
EndProject
Global
	GlobalSection(SolutionConfigurationPlatforms) = preSolution
		Debug|Any CPU = Debug|Any CPU
		Release|Any CPU = Release|Any CPU
	EndGlobalSection
	GlobalSection(ProjectConfigurationPlatforms) = postSolution
		{62BF73D8-8E0D-4995-8BAC-51D7EFA6BC89}.Debug|Any CPU.ActiveCfg = Debug|Any CPU
		{62BF73D8-8E0D-4995-8BAC-51D7EFA6BC89}.Debug|Any CPU.Build.0 = Debug|Any CPU
		{62BF73D8-8E0D-4995-8BAC-51D7EFA6BC89}.Release|Any CPU.ActiveCfg = Release|Any CPU
		{62BF73D8-8E0D-4995-8BAC-51D7EFA6BC89}.Release|Any CPU.Build.0 = Release|Any CPU
	EndGlobalSection
	GlobalSection(SolutionProperties) = preSolution
		HideSolutionNode = FALSE
	EndGlobalSection
	GlobalSection(ExtensibilityGlobals) = postSolution
		SolutionGuid = {C0488B64-6745-4540-8866-D0A670FB7B45}
	EndGlobalSection
EndGlobal
